
Microsoft Visual Studio Solution File, Format Version 12.00
# Visual Studio Version 16
VisualStudioVersion = 16.0.31702.278
MinimumVisualStudioVersion = 10.0.40219.1
Project("{FAE04EC0-301F-11D3-BF4B-00C04F79EFBC}") = "24.02.22", "24.02.22\24.02.22.csproj", "{E1176E2A-98DB-4006-8A98-9B1B83AFA2DD}"
EndProject
Global
	GlobalSection(SolutionConfigurationPlatforms) = preSolution
		Debug|Any CPU = Debug|Any CPU
		Release|Any CPU = Release|Any CPU
	EndGlobalSection
	GlobalSection(ProjectConfigurationPlatforms) = postSolution
		{E1176E2A-98DB-4006-8A98-9B1B83AFA2DD}.Debug|Any CPU.ActiveCfg = Debug|Any CPU
		{E1176E2A-98DB-4006-8A98-9B1B83AFA2DD}.Debug|Any CPU.Build.0 = Debug|Any CPU
		{E1176E2A-98DB-4006-8A98-9B1B83AFA2DD}.Release|Any CPU.ActiveCfg = Release|Any CPU
		{E1176E2A-98DB-4006-8A98-9B1B83AFA2DD}.Release|Any CPU.Build.0 = Release|Any CPU
	EndGlobalSection
	GlobalSection(SolutionProperties) = preSolution
		HideSolutionNode = FALSE
	EndGlobalSection
	GlobalSection(ExtensibilityGlobals) = postSolution
		SolutionGuid = {9779BB25-FC91-49FA-9077-4DC3803CEDEE}
	EndGlobalSection
EndGlobal
